
Microsoft Visual Studio Solution File, Format Version 12.00
# Visual Studio Version 17
VisualStudioVersion = 17.0.31903.59
MinimumVisualStudioVersion = 10.0.40219.1
Project("{2150E333-8FDC-42A3-9474-1A3956D46DE8}") = "src", "src", "{827E0CD3-B72D-47B6-A68D-7590B98EB39B}"
EndProject
Project("{FAE04EC0-301F-11D3-BF4B-00C04F79EFBC}") = "TokenTap.Cli", "src\TokenTap.Cli\TokenTap.Cli.csproj", "{607FE416-7F4C-45F2-8A86-8046B479BB7B}"
EndProject
Project("{FAE04EC0-301F-11D3-BF4B-00C04F79EFBC}") = "TokenTap.Core", "src\TokenTap.Core\TokenTap.Core.csproj", "{2F26B77A-E3C8-4F10-87B3-A07A9EBB5969}"
EndProject
Project("{FAE04EC0-301F-11D3-BF4B-00C04F79EFBC}") = "TokenTap.Parsers", "src\TokenTap.Parsers\TokenTap.Parsers.csproj", "{DBC32A5D-357C-47A7-B925-10C9B8FA3D3B}"
EndProject
Project("{FAE04EC0-301F-11D3-BF4B-00C04F79EFBC}") = "TokenTap.Storage", "src\TokenTap.Storage\TokenTap.Storage.csproj", "{E6F6EA4C-BAF8-451F-BBF6-3542B1A61C53}"
EndProject
Project("{FAE04EC0-301F-11D3-BF4B-00C04F79EFBC}") = "TokenTap.Export", "src\TokenTap.Export\TokenTap.Export.csproj", "{50704120-1B0C-45C8-8FBA-25F06352ABD5}"
EndProject
Project("{FAE04EC0-301F-11D3-BF4B-00C04F79EFBC}") = "TokenTap.Alerts", "src\TokenTap.Alerts\TokenTap.Alerts.csproj", "{5A99DACD-5826-43A8-A58D-A1C52335A56E}"
EndProject
Project("{FAE04EC0-301F-11D3-BF4B-00C04F79EFBC}") = "TokenTap.Counters", "src\TokenTap.Counters\TokenTap.Counters.csproj", "{1DE4CF7E-0B52-4C60-BC7C-CFC8B45BEDD9}"
EndProject
Project("{2150E333-8FDC-42A3-9474-1A3956D46DE8}") = "tests", "tests", "{0AB3BF05-4346-4AA6-1389-037BE0695223}"
EndProject
Project("{FAE04EC0-301F-11D3-BF4B-00C04F79EFBC}") = "TokenTap.Tests", "tests\TokenTap.Tests\TokenTap.Tests.csproj", "{7D7037D6-40E9-4087-B964-BD6D773CAE00}"
EndProject
Global
	GlobalSection(SolutionConfigurationPlatforms) = preSolution
		Debug|Any CPU = Debug|Any CPU
		Debug|x64 = Debug|x64
		Debug|x86 = Debug|x86
		Release|Any CPU = Release|Any CPU
		Release|x64 = Release|x64
		Release|x86 = Release|x86
	EndGlobalSection
	GlobalSection(ProjectConfigurationPlatforms) = postSolution
		{607FE416-7F4C-45F2-8A86-8046B479BB7B}.Debug|Any CPU.ActiveCfg = Debug|Any CPU
		{607FE416-7F4C-45F2-8A86-8046B479BB7B}.Debug|Any CPU.Build.0 = Debug|Any CPU
		{607FE416-7F4C-45F2-8A86-8046B479BB7B}.Debug|x64.ActiveCfg = Debug|Any CPU
		{607FE416-7F4C-45F2-8A86-8046B479BB7B}.Debug|x64.Build.0 = Debug|Any CPU
		{607FE416-7F4C-45F2-8A86-8046B479BB7B}.Debug|x86.ActiveCfg = Debug|Any CPU
		{607FE416-7F4C-45F2-8A86-8046B479BB7B}.Debug|x86.Build.0 = Debug|Any CPU
		{607FE416-7F4C-45F2-8A86-8046B479BB7B}.Release|Any CPU.ActiveCfg = Release|Any CPU
		{607FE416-7F4C-45F2-8A86-8046B479BB7B}.Release|Any CPU.Build.0 = Release|Any CPU
		{607FE416-7F4C-45F2-8A86-8046B479BB7B}.Release|x64.ActiveCfg = Release|Any CPU
		{607FE416-7F4C-45F2-8A86-8046B479BB7B}.Release|x64.Build.0 = Release|Any CPU
		{607FE416-7F4C-45F2-8A86-8046B479BB7B}.Release|x86.ActiveCfg = Release|Any CPU
		{607FE416-7F4C-45F2-8A86-8046B479BB7B}.Release|x86.Build.0 = Release|Any CPU
		{2F26B77A-E3C8-4F10-87B3-A07A9EBB5969}.Debug|Any CPU.ActiveCfg = Debug|Any CPU
		{2F26B77A-E3C8-4F10-87B3-A07A9EBB5969}.Debug|Any CPU.Build.0 = Debug|Any CPU
		{2F26B77A-E3C8-4F10-87B3-A07A9EBB5969}.Debug|x64.ActiveCfg = Debug|Any CPU
		{2F26B77A-E3C8-4F10-87B3-A07A9EBB5969}.Debug|x64.Build.0 = Debug|Any CPU
		{2F26B77A-E3C8-4F10-87B3-A07A9EBB5969}.Debug|x86.ActiveCfg = Debug|Any CPU
		{2F26B77A-E3C8-4F10-87B3-A07A9EBB5969}.Debug|x86.Build.0 = Debug|Any CPU
		{2F26B77A-E3C8-4F10-87B3-A07A9EBB5969}.Release|Any CPU.ActiveCfg = Release|Any CPU
		{2F26B77A-E3C8-4F10-87B3-A07A9EBB5969}.Release|Any CPU.Build.0 = Release|Any CPU
		{2F26B77A-E3C8-4F10-87B3-A07A9EBB5969}.Release|x64.ActiveCfg = Release|Any CPU
		{2F26B77A-E3C8-4F10-87B3-A07A9EBB5969}.Release|x64.Build.0 = Release|Any CPU
		{2F26B77A-E3C8-4F10-87B3-A07A9EBB5969}.Release|x86.ActiveCfg = Release|Any CPU
		{2F26B77A-E3C8-4F10-87B3-A07A9EBB5969}.Release|x86.Build.0 = Release|Any CPU
		{DBC32A5D-357C-47A7-B925-10C9B8FA3D3B}.Debug|Any CPU.ActiveCfg = Debug|Any CPU
		{DBC32A5D-357C-47A7-B925-10C9B8FA3D3B}.Debug|Any CPU.Build.0 = Debug|Any CPU
		{DBC32A5D-357C-47A7-B925-10C9B8FA3D3B}.Debug|x64.ActiveCfg = Debug|Any CPU
		{DBC32A5D-357C-47A7-B925-10C9B8FA3D3B}.Debug|x64.Build.0 = Debug|Any CPU
		{DBC32A5D-357C-47A7-B925-10C9B8FA3D3B}.Debug|x86.ActiveCfg = Debug|Any CPU
		{DBC32A5D-357C-47A7-B925-10C9B8FA3D3B}.Debug|x86.Build.0 = Debug|Any CPU
		{DBC32A5D-357C-47A7-B925-10C9B8FA3D3B}.Release|Any CPU.ActiveCfg = Release|Any CPU
		{DBC32A5D-357C-47A7-B925-10C9B8FA3D3B}.Release|Any CPU.Build.0 = Release|Any CPU
		{DBC32A5D-357C-47A7-B925-10C9B8FA3D3B}.Release|x64.ActiveCfg = Release|Any CPU
		{DBC32A5D-357C-47A7-B925-10C9B8FA3D3B}.Release|x64.Build.0 = Release|Any CPU
		{DBC32A5D-357C-47A7-B925-10C9B8FA3D3B}.Release|x86.ActiveCfg = Release|Any CPU
		{DBC32A5D-357C-47A7-B925-10C9B8FA3D3B}.Release|x86.Build.0 = Release|Any CPU
		{E6F6EA4C-BAF8-451F-BBF6-3542B1A61C53}.Debug|Any CPU.ActiveCfg = Debug|Any CPU
		{E6F6EA4C-BAF8-451F-BBF6-3542B1A61C53}.Debug|Any CPU.Build.0 = Debug|Any CPU
		{E6F6EA4C-BAF8-451F-BBF6-3542B1A61C53}.Debug|x64.ActiveCfg = Debug|Any CPU
		{E6F6EA4C-BAF8-451F-BBF6-3542B1A61C53}.Debug|x64.Build.0 = Debug|Any CPU
		{E6F6EA4C-BAF8-451F-BBF6-3542B1A61C53}.Debug|x86.ActiveCfg = Debug|Any CPU
		{E6F6EA4C-BAF8-451F-BBF6-3542B1A61C53}.Debug|x86.Build.0 = Debug|Any CPU
		{E6F6EA4C-BAF8-451F-BBF6-3542B1A61C53}.Release|Any CPU.ActiveCfg = Release|Any CPU
		{E6F6EA4C-BAF8-451F-BBF6-3542B1A61C53}.Release|Any CPU.Build.0 = Release|Any CPU
		{E6F6EA4C-BAF8-451F-BBF6-3542B1A61C53}.Release|x64.ActiveCfg = Release|Any CPU
		{E6F6EA4C-BAF8-451F-BBF6-3542B1A61C53}.Release|x64.Build.0 = Release|Any CPU
		{E6F6EA4C-BAF8-451F-BBF6-3542B1A61C53}.Release|x86.ActiveCfg = Release|Any CPU
		{E6F6EA4C-BAF8-451F-BBF6-3542B1A61C53}.Release|x86.Build.0 = Release|Any CPU
		{50704120-1B0C-45C8-8FBA-25F06352ABD5}.Debug|Any CPU.ActiveCfg = Debug|Any CPU
		{50704120-1B0C-45C8-8FBA-25F06352ABD5}.Debug|Any CPU.Build.0 = Debug|Any CPU
		{50704120-1B0C-45C8-8FBA-25F06352ABD5}.Debug|x64.ActiveCfg = Debug|Any CPU
		{50704120-1B0C-45C8-8FBA-25F06352ABD5}.Debug|x64.Build.0 = Debug|Any CPU
		{50704120-1B0C-45C8-8FBA-25F06352ABD5}.Debug|x86.ActiveCfg = Debug|Any CPU
		{50704120-1B0C-45C8-8FBA-25F06352ABD5}.Debug|x86.Build.0 = Debug|Any CPU
		{50704120-1B0C-45C8-8FBA-25F06352ABD5}.Release|Any CPU.ActiveCfg = Release|Any CPU
		{50704120-1B0C-45C8-8FBA-25F06352ABD5}.Release|Any CPU.Build.0 = Release|Any CPU
		{50704120-1B0C-45C8-8FBA-25F06352ABD5}.Release|x64.ActiveCfg = Release|Any CPU
		{50704120-1B0C-45C8-8FBA-25F06352ABD5}.Release|x64.Build.0 = Release|Any CPU
		{50704120-1B0C-45C8-8FBA-25F06352ABD5}.Release|x86.ActiveCfg = Release|Any CPU
		{50704120-1B0C-45C8-8FBA-25F06352ABD5}.Release|x86.Build.0 = Release|Any CPU
		{5A99DACD-5826-43A8-A58D-A1C52335A56E}.Debug|Any CPU.ActiveCfg = Debug|Any CPU
		{5A99DACD-5826-43A8-A58D-A1C52335A56E}.Debug|Any CPU.Build.0 = Debug|Any CPU
		{5A99DACD-5826-43A8-A58D-A1C52335A56E}.Debug|x64.ActiveCfg = Debug|Any CPU
		{5A99DACD-5826-43A8-A58D-A1C52335A56E}.Debug|x64.Build.0 = Debug|Any CPU
		{5A99DACD-5826-43A8-A58D-A1C52335A56E}.Debug|x86.ActiveCfg = Debug|Any CPU
		{5A99DACD-5826-43A8-A58D-A1C52335A56E}.Debug|x86.Build.0 = Debug|Any CPU
		{5A99DACD-5826-43A8-A58D-A1C52335A56E}.Release|Any CPU.ActiveCfg = Release|Any CPU
		{5A99DACD-5826-43A8-A58D-A1C52335A56E}.Release|Any CPU.Build.0 = Release|Any CPU
		{5A99DACD-5826-43A8-A58D-A1C52335A56E}.Release|x64.ActiveCfg = Release|Any CPU
		{5A99DACD-5826-43A8-A58D-A1C52335A56E}.Release|x64.Build.0 = Release|Any CPU
		{5A99DACD-5826-43A8-A58D-A1C52335A56E}.Release|x86.ActiveCfg = Release|Any CPU
		{5A99DACD-5826-43A8-A58D-A1C52335A56E}.Release|x86.Build.0 = Release|Any CPU
		{1DE4CF7E-0B52-4C60-BC7C-CFC8B45BEDD9}.Debug|Any CPU.ActiveCfg = Debug|Any CPU
		{1DE4CF7E-0B52-4C60-BC7C-CFC8B45BEDD9}.Debug|Any CPU.Build.0 = Debug|Any CPU
		{1DE4CF7E-0B52-4C60-BC7C-CFC8B45BEDD9}.Debug|x64.ActiveCfg = Debug|Any CPU
		{1DE4CF7E-0B52-4C60-BC7C-CFC8B45BEDD9}.Debug|x64.Build.0 = Debug|Any CPU
		{1DE4CF7E-0B52-4C60-BC7C-CFC8B45BEDD9}.Debug|x86.ActiveCfg = Debug|Any CPU
		{1DE4CF7E-0B52-4C60-BC7C-CFC8B45BEDD9}.Debug|x86.Build.0 = Debug|Any CPU
		{1DE4CF7E-0B52-4C60-BC7C-CFC8B45BEDD9}.Release|Any CPU.ActiveCfg = Release|Any CPU
		{1DE4CF7E-0B52-4C60-BC7C-CFC8B45BEDD9}.Release|Any CPU.Build.0 = Release|Any CPU
		{1DE4CF7E-0B52-4C60-BC7C-CFC8B45BEDD9}.Release|x64.ActiveCfg = Release|Any CPU
		{1DE4CF7E-0B52-4C60-BC7C-CFC8B45BEDD9}.Release|x64.Build.0 = Release|Any CPU
		{1DE4CF7E-0B52-4C60-BC7C-CFC8B45BEDD9}.Release|x86.ActiveCfg = Release|Any CPU
		{1DE4CF7E-0B52-4C60-BC7C-CFC8B45BEDD9}.Release|x86.Build.0 = Release|Any CPU
		{7D7037D6-40E9-4087-B964-BD6D773CAE00}.Debug|Any CPU.ActiveCfg = Debug|Any CPU
		{7D7037D6-40E9-4087-B964-BD6D773CAE00}.Debug|Any CPU.Build.0 = Debug|Any CPU
		{7D7037D6-40E9-4087-B964-BD6D773CAE00}.Debug|x64.ActiveCfg = Debug|Any CPU
		{7D7037D6-40E9-4087-B964-BD6D773CAE00}.Debug|x64.Build.0 = Debug|Any CPU
		{7D7037D6-40E9-4087-B964-BD6D773CAE00}.Debug|x86.ActiveCfg = Debug|Any CPU
		{7D7037D6-40E9-4087-B964-BD6D773CAE00}.Debug|x86.Build.0 = Debug|Any CPU
		{7D7037D6-40E9-4087-B964-BD6D773CAE00}.Release|Any CPU.ActiveCfg = Release|Any CPU
		{7D7037D6-40E9-4087-B964-BD6D773CAE00}.Release|Any CPU.Build.0 = Release|Any CPU
		{7D7037D6-40E9-4087-B964-BD6D773CAE00}.Release|x64.ActiveCfg = Release|Any CPU
		{7D7037D6-40E9-4087-B964-BD6D773CAE00}.Release|x64.Build.0 = Release|Any CPU
		{7D7037D6-40E9-4087-B964-BD6D773CAE00}.Release|x86.ActiveCfg = Release|Any CPU
		{7D7037D6-40E9-4087-B964-BD6D773CAE00}.Release|x86.Build.0 = Release|Any CPU
	EndGlobalSection
	GlobalSection(SolutionProperties) = preSolution
		HideSolutionNode = FALSE
	EndGlobalSection
	GlobalSection(NestedProjects) = preSolution
		{607FE416-7F4C-45F2-8A86-8046B479BB7B} = {827E0CD3-B72D-47B6-A68D-7590B98EB39B}
		{2F26B77A-E3C8-4F10-87B3-A07A9EBB5969} = {827E0CD3-B72D-47B6-A68D-7590B98EB39B}
		{DBC32A5D-357C-47A7-B925-10C9B8FA3D3B} = {827E0CD3-B72D-47B6-A68D-7590B98EB39B}
		{E6F6EA4C-BAF8-451F-BBF6-3542B1A61C53} = {827E0CD3-B72D-47B6-A68D-7590B98EB39B}
		{50704120-1B0C-45C8-8FBA-25F06352ABD5} = {827E0CD3-B72D-47B6-A68D-7590B98EB39B}
		{5A99DACD-5826-43A8-A58D-A1C52335A56E} = {827E0CD3-B72D-47B6-A68D-7590B98EB39B}
		{1DE4CF7E-0B52-4C60-BC7C-CFC8B45BEDD9} = {827E0CD3-B72D-47B6-A68D-7590B98EB39B}
		{7D7037D6-40E9-4087-B964-BD6D773CAE00} = {0AB3BF05-4346-4AA6-1389-037BE0695223}
	EndGlobalSection
EndGlobal
